# This file is automatically @generated by Cargo.
# It is not intended for manual editing.
version = 3

[[package]]
name = "d1"
version = "0.1.0"
source = "git+https://github.com/zong-zhe/d1?rev=3a2ada5eacb2b13a41492f71fa53c33b14f15781#3a2ada5eacb2b13a41492f71fa53c33b14f15781"

[[package]]
name = "d3"
version = "0.1.0"
dependencies = [
 "d1",
]
